<?xml version="1.0" encoding="utf-8"?>
<Project ToolsVersion="16.0" xmlns="http://schemas.microsoft.com/developer/msbuild/2003">
  <ItemGroup>
    <ClCompile Include="C:\Users\Computer\Documents\Code\beany\al2o3\al2o3_platform-src\src\debug.c">
      <Filter>Source Files</Filter>
    </ClCompile>
    <ClCompile Include="C:\Users\Computer\Documents\Code\beany\al2o3\al2o3_platform-src\src\visualdebug.c">
      <Filter>Source Files</Filter>
    </ClCompile>
  </ItemGroup>
  <ItemGroup>
    <ClInclude Include="C:\Users\Computer\Documents\Code\beany\al2o3\al2o3_platform-src\include\al2o3_platform\debug.h">
      <Filter>Header Files</Filter>
    </ClInclude>
    <ClInclude Include="C:\Users\Computer\Documents\Code\beany\al2o3\al2o3_platform-src\include\al2o3_platform\platform.h">
      <Filter>Header Files</Filter>
    </ClInclude>
    <ClInclude Include="C:\Users\Computer\Documents\Code\beany\al2o3\al2o3_platform-src\include\al2o3_platform\platform_android.h">
      <Filter>Header Files</Filter>
    </ClInclude>
    <ClInclude Include="C:\Users\Computer\Documents\Code\beany\al2o3\al2o3_platform-src\include\al2o3_platform\platform_linux.h">
      <Filter>Header Files</Filter>
    </ClInclude>
    <ClInclude Include="C:\Users\Computer\Documents\Code\beany\al2o3\al2o3_platform-src\include\al2o3_platform\platform_osx.h">
      <Filter>Header Files</Filter>
    </ClInclude>
    <ClInclude Include="C:\Users\Computer\Documents\Code\beany\al2o3\al2o3_platform-src\include\al2o3_platform\platform_posix.h">
      <Filter>Header Files</Filter>
    </ClInclude>
    <ClInclude Include="C:\Users\Computer\Documents\Code\beany\al2o3\al2o3_platform-src\include\al2o3_platform\platform_win.h">
      <Filter>Header Files</Filter>
    </ClInclude>
    <ClInclude Include="C:\Users\Computer\Documents\Code\beany\al2o3\al2o3_platform-src\include\al2o3_platform\visualdebug.h">
      <Filter>Header Files</Filter>
    </ClInclude>
    <ClInclude Include="C:\Users\Computer\Documents\Code\beany\al2o3\al2o3_platform-src\include\al2o3_platform\windows.h">
      <Filter>Header Files</Filter>
    </ClInclude>
    <ClInclude Include="C:\Users\Computer\Documents\Code\beany\al2o3\al2o3_platform-src\include\al2o3_platform\uint128_gcc.h">
      <Filter>Header Files</Filter>
    </ClInclude>
    <ClInclude Include="C:\Users\Computer\Documents\Code\beany\al2o3\al2o3_platform-src\include\al2o3_platform\uint128_win.h">
      <Filter>Header Files</Filter>
    </ClInclude>
  </ItemGroup>
  <ItemGroup>
    <CustomBuild Include="C:\Users\Computer\Documents\Code\beany\al2o3\al2o3_platform-src\CMakeLists.txt" />
  </ItemGroup>
  <ItemGroup>
    <Filter Include="Header Files">
      <UniqueIdentifier>{E7D7FA19-71F3-3B8E-BC6C-A288595D860D}</UniqueIdentifier>
    </Filter>
    <Filter Include="Source Files">
      <UniqueIdentifier>{C682DA47-232F-3BC1-8716-E7F0E7E4B63E}</UniqueIdentifier>
    </Filter>
  </ItemGroup>
</Project>
